// !$*UTF8*$!
{
	archiveVersion = 1;
	classes = {
	};
	objectVersion = 56;
	objects = {

/* Begin PBXBuildFile section */
		885F42DB2BA490E70062E12F /* Firebase_AuthenticationApp.swift in Sources */ = {isa = PBXBuildFile; fileRef = 885F42DA2BA490E70062E12F /* Firebase_AuthenticationApp.swift */; };
		885F42DF2BA490E90062E12F /* Assets.xcassets in Resources */ = {isa = PBXBuildFile; fileRef = 885F42DE2BA490E90062E12F /* Assets.xcassets */; };
		885F42E22BA490E90062E12F /* Preview Assets.xcassets in Resources */ = {isa = PBXBuildFile; fileRef = 885F42E12BA490E90062E12F /* Preview Assets.xcassets */; };
		885F42F42BA4918D0062E12F /* SignInViewModel.swift in Sources */ = {isa = PBXBuildFile; fileRef = 885F42F02BA4918D0062E12F /* SignInViewModel.swift */; };
		885F42F52BA4918D0062E12F /* SignInView.swift in Sources */ = {isa = PBXBuildFile; fileRef = 885F42F22BA4918D0062E12F /* SignInView.swift */; };
		885F42F72BA491A10062E12F /* AuthService.swift in Sources */ = {isa = PBXBuildFile; fileRef = 885F42F62BA491A10062E12F /* AuthService.swift */; };
		885F42FC2BA491B10062E12F /* RegisterView.swift in Sources */ = {isa = PBXBuildFile; fileRef = 885F42F82BA491B10062E12F /* RegisterView.swift */; };
		885F42FD2BA491B10062E12F /* RegisterViewModel.swift in Sources */ = {isa = PBXBuildFile; fileRef = 885F42FA2BA491B10062E12F /* RegisterViewModel.swift */; };
		885F42FF2BA491C70062E12F /* CustomTextField.swift in Sources */ = {isa = PBXBuildFile; fileRef = 885F42FE2BA491C70062E12F /* CustomTextField.swift */; };
		885F43012BA491D20062E12F /* HomeView.swift in Sources */ = {isa = PBXBuildFile; fileRef = 885F43002BA491D20062E12F /* HomeView.swift */; };
		885F43062BA491DC0062E12F /* ContentViewModel.swift in Sources */ = {isa = PBXBuildFile; fileRef = 885F43022BA491DC0062E12F /* ContentViewModel.swift */; };
		885F43072BA491DC0062E12F /* ContentView.swift in Sources */ = {isa = PBXBuildFile; fileRef = 885F43042BA491DC0062E12F /* ContentView.swift */; };
		885F43092BA491EC0062E12F /* ColorExtension.swift in Sources */ = {isa = PBXBuildFile; fileRef = 885F43082BA491EC0062E12F /* ColorExtension.swift */; };
		885F430B2BA4922D0062E12F /* GoogleService-Info.plist in Resources */ = {isa = PBXBuildFile; fileRef = 885F430A2BA4922C0062E12F /* GoogleService-Info.plist */; };
		885F430F2BA492890062E12F /* FirebaseAuth in Frameworks */ = {isa = PBXBuildFile; productRef = 885F430E2BA492890062E12F /* FirebaseAuth */; };
		885F43112BA492890062E12F /* FirebaseFirestore in Frameworks */ = {isa = PBXBuildFile; productRef = 885F43102BA492890062E12F /* FirebaseFirestore */; };
		885F43132BA492890062E12F /* FirebaseFirestoreSwift in Frameworks */ = {isa = PBXBuildFile; productRef = 885F43122BA492890062E12F /* FirebaseFirestoreSwift */; };
/* End PBXBuildFile section */

/* Begin PBXFileReference section */
		885F42D72BA490E70062E12F /* Firebase_Authentication.app */ = {isa = PBXFileReference; explicitFileType = wrapper.application; includeInIndex = 0; path = Firebase_Authentication.app; sourceTree = BUILT_PRODUCTS_DIR; };
		885F42DA2BA490E70062E12F /* Firebase_AuthenticationApp.swift */ = {isa = PBXFileReference; lastKnownFileType = sourcecode.swift; path = Firebase_AuthenticationApp.swift; sourceTree = "<group>"; };
		885F42DE2BA490E90062E12F /* Assets.xcassets */ = {isa = PBXFileReference; lastKnownFileType = folder.assetcatalog; path = Assets.xcassets; sourceTree = "<group>"; };
		885F42E12BA490E90062E12F /* Preview Assets.xcassets */ = {isa = PBXFileReference; lastKnownFileType = folder.assetcatalog; path = "Preview Assets.xcassets"; sourceTree = "<group>"; };
		885F42F02BA4918D0062E12F /* SignInViewModel.swift */ = {isa = PBXFileReference; fileEncoding = 4; lastKnownFileType = sourcecode.swift; path = SignInViewModel.swift; sourceTree = "<group>"; };
		885F42F22BA4918D0062E12F /* SignInView.swift */ = {isa = PBXFileReference; fileEncoding = 4; lastKnownFileType = sourcecode.swift; path = SignInView.swift; sourceTree = "<group>"; };
		885F42F62BA491A10062E12F /* AuthService.swift */ = {isa = PBXFileReference; fileEncoding = 4; lastKnownFileType = sourcecode.swift; path = AuthService.swift; sourceTree = "<group>"; };
		885F42F82BA491B10062E12F /* RegisterView.swift */ = {isa = PBXFileReference; fileEncoding = 4; lastKnownFileType = sourcecode.swift; path = RegisterView.swift; sourceTree = "<group>"; };
		885F42FA2BA491B10062E12F /* RegisterViewModel.swift */ = {isa = PBXFileReference; fileEncoding = 4; lastKnownFileType = sourcecode.swift; path = RegisterViewModel.swift; sourceTree = "<group>"; };
		885F42FE2BA491C70062E12F /* CustomTextField.swift */ = {isa = PBXFileReference; fileEncoding = 4; lastKnownFileType = sourcecode.swift; path = CustomTextField.swift; sourceTree = "<group>"; };
		885F43002BA491D20062E12F /* HomeView.swift */ = {isa = PBXFileReference; fileEncoding = 4; lastKnownFileType = sourcecode.swift; path = HomeView.swift; sourceTree = "<group>"; };
		885F43022BA491DC0062E12F /* ContentViewModel.swift */ = {isa = PBXFileReference; fileEncoding = 4; lastKnownFileType = sourcecode.swift; path = ContentViewModel.swift; sourceTree = "<group>"; };
		885F43042BA491DC0062E12F /* ContentView.swift */ = {isa = PBXFileReference; fileEncoding = 4; lastKnownFileType = sourcecode.swift; path = ContentView.swift; sourceTree = "<group>"; };
		885F43082BA491EC0062E12F /* ColorExtension.swift */ = {isa = PBXFileReference; fileEncoding = 4; lastKnownFileType = sourcecode.swift; path = ColorExtension.swift; sourceTree = "<group>"; };
		885F430A2BA4922C0062E12F /* GoogleService-Info.plist */ = {isa = PBXFileReference; fileEncoding = 4; lastKnownFileType = text.plist.xml; path = "GoogleService-Info.plist"; sourceTree = "<group>"; };
/* End PBXFileReference section */

/* Begin PBXFrameworksBuildPhase section */
		885F42D42BA490E70062E12F /* Frameworks */ = {
			isa = PBXFrameworksBuildPhase;
			buildActionMask = 2147483647;
			files = (
				885F430F2BA492890062E12F /* FirebaseAuth in Frameworks */,
				885F43112BA492890062E12F /* FirebaseFirestore in Frameworks */,
				885F43132BA492890062E12F /* FirebaseFirestoreSwift in Frameworks */,
			);
			runOnlyForDeploymentPostprocessing = 0;
		};
/* End PBXFrameworksBuildPhase section */

/* Begin PBXGroup section */
		885F42CE2BA490E70062E12F = {
			isa = PBXGroup;
			children = (
				885F42D92BA490E70062E12F /* Firebase_Authentication */,
				885F42D82BA490E70062E12F /* Products */,
				885F430D2BA492890062E12F /* Frameworks */,
			);
			sourceTree = "<group>";
		};
		885F42D82BA490E70062E12F /* Products */ = {
			isa = PBXGroup;
			children = (
				885F42D72BA490E70062E12F /* Firebase_Authentication.app */,
			);
			name = Products;
			sourceTree = "<group>";
		};
		885F42D92BA490E70062E12F /* Firebase_Authentication */ = {
			isa = PBXGroup;
			children = (
				885F42EF2BA491690062E12F /* SignIn */,
				885F42EE2BA491620062E12F /* Services */,
				885F42ED2BA4915F0062E12F /* Register */,
				885F42EC2BA4915D0062E12F /* Root */,
				885F42EB2BA491590062E12F /* Home */,
				885F42EA2BA491540062E12F /* Components */,
				885F42E92BA4914E0062E12F /* ColorExtension */,
				885F42E82BA4914A0062E12F /* App */,
				885F42DA2BA490E70062E12F /* Firebase_AuthenticationApp.swift */,
				885F42DE2BA490E90062E12F /* Assets.xcassets */,
				885F430A2BA4922C0062E12F /* GoogleService-Info.plist */,
				885F42E02BA490E90062E12F /* Preview Content */,
			);
			path = Firebase_Authentication;
			sourceTree = "<group>";
		};
		885F42E02BA490E90062E12F /* Preview Content */ = {
			isa = PBXGroup;
			children = (
				885F42E12BA490E90062E12F /* Preview Assets.xcassets */,
			);
			path = "Preview Content";
			sourceTree = "<group>";
		};
		885F42E82BA4914A0062E12F /* App */ = {
			isa = PBXGroup;
			children = (
			);
			path = App;
			sourceTree = "<group>";
		};
		885F42E92BA4914E0062E12F /* ColorExtension */ = {
			isa = PBXGroup;
			children = (
				885F43082BA491EC0062E12F /* ColorExtension.swift */,
			);
			path = ColorExtension;
			sourceTree = "<group>";
		};
		885F42EA2BA491540062E12F /* Components */ = {
			isa = PBXGroup;
			children = (
				885F42FE2BA491C70062E12F /* CustomTextField.swift */,
			);
			path = Components;
			sourceTree = "<group>";
		};
		885F42EB2BA491590062E12F /* Home */ = {
			isa = PBXGroup;
			children = (
				885F43002BA491D20062E12F /* HomeView.swift */,
			);
			path = Home;
			sourceTree = "<group>";
		};
		885F42EC2BA4915D0062E12F /* Root */ = {
			isa = PBXGroup;
			children = (
				885F43052BA491DC0062E12F /* View */,
				885F43032BA491DC0062E12F /* ViewModel */,
			);
			path = Root;
			sourceTree = "<group>";
		};
		885F42ED2BA4915F0062E12F /* Register */ = {
			isa = PBXGroup;
			children = (
				885F42F92BA491B10062E12F /* View */,
				885F42FB2BA491B10062E12F /* ViewModel */,
			);
			path = Register;
			sourceTree = "<group>";
		};
		885F42EE2BA491620062E12F /* Services */ = {
			isa = PBXGroup;
			children = (
				885F42F62BA491A10062E12F /* AuthService.swift */,
			);
			path = Services;
			sourceTree = "<group>";
		};
		885F42EF2BA491690062E12F /* SignIn */ = {
			isa = PBXGroup;
			children = (
				885F42F32BA4918D0062E12F /* View */,
				885F42F12BA4918D0062E12F /* ViewModel */,
			);
			path = SignIn;
			sourceTree = "<group>";
		};
		885F42F12BA4918D0062E12F /* ViewModel */ = {
			isa = PBXGroup;
			children = (
				885F42F02BA4918D0062E12F /* SignInViewModel.swift */,
			);
			path = ViewModel;
			sourceTree = "<group>";
		};
		885F42F32BA4918D0062E12F /* View */ = {
			isa = PBXGroup;
			children = (
				885F42F22BA4918D0062E12F /* SignInView.swift */,
			);
			path = View;
			sourceTree = "<group>";
		};
		885F42F92BA491B10062E12F /* View */ = {
			isa = PBXGroup;
			children = (
				885F42F82BA491B10062E12F /* RegisterView.swift */,
			);
			path = View;
			sourceTree = "<group>";
		};
		885F42FB2BA491B10062E12F /* ViewModel */ = {
			isa = PBXGroup;
			children = (
				885F42FA2BA491B10062E12F /* RegisterViewModel.swift */,
			);
			path = ViewModel;
			sourceTree = "<group>";
		};
		885F43032BA491DC0062E12F /* ViewModel */ = {
			isa = PBXGroup;
			children = (
				885F43022BA491DC0062E12F /* ContentViewModel.swift */,
			);
			path = ViewModel;
			sourceTree = "<group>";
		};
		885F43052BA491DC0062E12F /* View */ = {
			isa = PBXGroup;
			children = (
				885F43042BA491DC0062E12F /* ContentView.swift */,
			);
			path = View;
			sourceTree = "<group>";
		};
		885F430D2BA492890062E12F /* Frameworks */ = {
			isa = PBXGroup;
			children = (
			);
			name = Frameworks;
			sourceTree = "<group>";
		};
/* End PBXGroup section */

/* Begin PBXNativeTarget section */
		885F42D62BA490E70062E12F /* Firebase_Authentication */ = {
			isa = PBXNativeTarget;
			buildConfigurationList = 885F42E52BA490E90062E12F /* Build configuration list for PBXNativeTarget "Firebase_Authentication" */;
			buildPhases = (
				885F42D32BA490E70062E12F /* Sources */,
				885F42D42BA490E70062E12F /* Frameworks */,
				885F42D52BA490E70062E12F /* Resources */,
			);
			buildRules = (
			);
			dependencies = (
			);
			name = Firebase_Authentication;
			packageProductDependencies = (
				885F430E2BA492890062E12F /* FirebaseAuth */,
				885F43102BA492890062E12F /* FirebaseFirestore */,
				885F43122BA492890062E12F /* FirebaseFirestoreSwift */,
			);
			productName = Firebase_Authentication;
			productReference = 885F42D72BA490E70062E12F /* Firebase_Authentication.app */;
			productType = "com.apple.product-type.application";
		};
/* End PBXNativeTarget section */

/* Begin PBXProject section */
		885F42CF2BA490E70062E12F /* Project object */ = {
			isa = PBXProject;
			attributes = {
				BuildIndependentTargetsInParallel = 1;
				LastSwiftUpdateCheck = 1530;
				LastUpgradeCheck = 1530;
				TargetAttributes = {
					885F42D62BA490E70062E12F = {
						CreatedOnToolsVersion = 15.3;
					};
				};
			};
			buildConfigurationList = 885F42D22BA490E70062E12F /* Build configuration list for PBXProject "Firebase_Authentication" */;
			compatibilityVersion = "Xcode 14.0";
			developmentRegion = en;
			hasScannedForEncodings = 0;
			knownRegions = (
				en,
				Base,
			);
			mainGroup = 885F42CE2BA490E70062E12F;
			packageReferences = (
				885F430C2BA4925E0062E12F /* XCRemoteSwiftPackageReference "firebase-ios-sdk" */,
			);
			productRefGroup = 885F42D82BA490E70062E12F /* Products */;
			projectDirPath = "";
			projectRoot = "";
			targets = (
				885F42D62BA490E70062E12F /* Firebase_Authentication */,
			);
		};
/* End PBXProject section */

/* Begin PBXResourcesBuildPhase section */
		885F42D52BA490E70062E12F /* Resources */ = {
			isa = PBXResourcesBuildPhase;
			buildActionMask = 2147483647;
			files = (
				885F42E22BA490E90062E12F /* Preview Assets.xcassets in Resources */,
				885F42DF2BA490E90062E12F /* Assets.xcassets in Resources */,
				885F430B2BA4922D0062E12F /* GoogleService-Info.plist in Resources */,
			);
			runOnlyForDeploymentPostprocessing = 0;
		};
/* End PBXResourcesBuildPhase section */

/* Begin PBXSourcesBuildPhase section */
		885F42D32BA490E70062E12F /* Sources */ = {
			isa = PBXSourcesBuildPhase;
			buildActionMask = 2147483647;
			files = (
				885F43012BA491D20062E12F /* HomeView.swift in Sources */,
				885F43072BA491DC0062E12F /* ContentView.swift in Sources */,
				885F43092BA491EC0062E12F /* ColorExtension.swift in Sources */,
				885F42DB2BA490E70062E12F /* Firebase_AuthenticationApp.swift in Sources */,
				885F42FD2BA491B10062E12F /* RegisterViewModel.swift in Sources */,
				885F43062BA491DC0062E12F /* ContentViewModel.swift in Sources */,
				885F42F72BA491A10062E12F /* AuthService.swift in Sources */,
				885F42FF2BA491C70062E12F /* CustomTextField.swift in Sources */,
				885F42FC2BA491B10062E12F /* RegisterView.swift in Sources */,
				885F42F52BA4918D0062E12F /* SignInView.swift in Sources */,
				885F42F42BA4918D0062E12F /* SignInViewModel.swift in Sources */,
			);
			runOnlyForDeploymentPostprocessing = 0;
		};
/* End PBXSourcesBuildPhase section */

/* Begin XCBuildConfiguration section */
		885F42E32BA490E90062E12F /* Debug */ = {
			isa = XCBuildConfiguration;
			buildSettings = {
				ALWAYS_SEARCH_USER_PATHS = NO;
				ASSETCATALOG_COMPILER_GENERATE_SWIFT_ASSET_SYMBOL_EXTENSIONS = YES;
				CLANG_ANALYZER_NONNULL = YES;
				CLANG_ANALYZER_NUMBER_OBJECT_CONVERSION = YES_AGGRESSIVE;
				CLANG_CXX_LANGUAGE_STANDARD = "gnu++20";
				CLANG_ENABLE_MODULES = YES;
				CLANG_ENABLE_OBJC_ARC = YES;
				CLANG_ENABLE_OBJC_WEAK = YES;
				CLANG_WARN_BLOCK_CAPTURE_AUTORELEASING = YES;
				CLANG_WARN_BOOL_CONVERSION = YES;
				CLANG_WARN_COMMA = YES;
				CLANG_WARN_CONSTANT_CONVERSION = YES;
				CLANG_WARN_DEPRECATED_OBJC_IMPLEMENTATIONS = YES;
				CLANG_WARN_DIRECT_OBJC_ISA_USAGE = YES_ERROR;
				CLANG_WARN_DOCUMENTATION_COMMENTS = YES;
				CLANG_WARN_EMPTY_BODY = YES;
				CLANG_WARN_ENUM_CONVERSION = YES;
				CLANG_WARN_INFINITE_RECURSION = YES;
				CLANG_WARN_INT_CONVERSION = YES;
				CLANG_WARN_NON_LITERAL_NULL_CONVERSION = YES;
				CLANG_WARN_OBJC_IMPLICIT_RETAIN_SELF = YES;
				CLANG_WARN_OBJC_LITERAL_CONVERSION = YES;
				CLANG_WARN_OBJC_ROOT_CLASS = YES_ERROR;
				CLANG_WARN_QUOTED_INCLUDE_IN_FRAMEWORK_HEADER = YES;
				CLANG_WARN_RANGE_LOOP_ANALYSIS = YES;
				CLANG_WARN_STRICT_PROTOTYPES = YES;
				CLANG_WARN_SUSPICIOUS_MOVE = YES;
				CLANG_WARN_UNGUARDED_AVAILABILITY = YES_AGGRESSIVE;
				CLANG_WARN_UNREACHABLE_CODE = YES;
				CLANG_WARN__DUPLICATE_METHOD_MATCH = YES;
				COPY_PHASE_STRIP = NO;
				DEBUG_INFORMATION_FORMAT = dwarf;
				ENABLE_STRICT_OBJC_MSGSEND = YES;
				ENABLE_TESTABILITY = YES;
				ENABLE_USER_SCRIPT_SANDBOXING = YES;
				GCC_C_LANGUAGE_STANDARD = gnu17;
				GCC_DYNAMIC_NO_PIC = NO;
				GCC_NO_COMMON_BLOCKS = YES;
				GCC_OPTIMIZATION_LEVEL = 0;
				GCC_PREPROCESSOR_DEFINITIONS = (
					"DEBUG=1",
					"$(inherited)",
				);
				GCC_WARN_64_TO_32_BIT_CONVERSION = YES;
				GCC_WARN_ABOUT_RETURN_TYPE = YES_ERROR;
				GCC_WARN_UNDECLARED_SELECTOR = YES;
				GCC_WARN_UNINITIALIZED_AUTOS = YES_AGGRESSIVE;
				GCC_WARN_UNUSED_FUNCTION = YES;
				GCC_WARN_UNUSED_VARIABLE = YES;
				IPHONEOS_DEPLOYMENT_TARGET = 17.4;
				LOCALIZATION_PREFERS_STRING_CATALOGS = YES;
				MTL_ENABLE_DEBUG_INFO = INCLUDE_SOURCE;
				MTL_FAST_MATH = YES;
				ONLY_ACTIVE_ARCH = YES;
				SDKROOT = iphoneos;
				SWIFT_ACTIVE_COMPILATION_CONDITIONS = "DEBUG $(inherited)";
				SWIFT_OPTIMIZATION_LEVEL = "-Onone";
			};
			name = Debug;
		};
		885F42E42BA490E90062E12F /* Release */ = {
			isa = XCBuildConfiguration;
			buildSettings = {
				ALWAYS_SEARCH_USER_PATHS = NO;
				ASSETCATALOG_COMPILER_GENERATE_SWIFT_ASSET_SYMBOL_EXTENSIONS = YES;
				CLANG_ANALYZER_NONNULL = YES;
				CLANG_ANALYZER_NUMBER_OBJECT_CONVERSION = YES_AGGRESSIVE;
				CLANG_CXX_LANGUAGE_STANDARD = "gnu++20";
				CLANG_ENABLE_MODULES = YES;
				CLANG_ENABLE_OBJC_ARC = YES;
				CLANG_ENABLE_OBJC_WEAK = YES;
				CLANG_WARN_BLOCK_CAPTURE_AUTORELEASING = YES;
				CLANG_WARN_BOOL_CONVERSION = YES;
				CLANG_WARN_COMMA = YES;
				CLANG_WARN_CONSTANT_CONVERSION = YES;
				CLANG_WARN_DEPRECATED_OBJC_IMPLEMENTATIONS = YES;
				CLANG_WARN_DIRECT_OBJC_ISA_USAGE = YES_ERROR;
				CLANG_WARN_DOCUMENTATION_COMMENTS = YES;
				CLANG_WARN_EMPTY_BODY = YES;
				CLANG_WARN_ENUM_CONVERSION = YES;
				CLANG_WARN_INFINITE_RECURSION = YES;
				CLANG_WARN_INT_CONVERSION = YES;
				CLANG_WARN_NON_LITERAL_NULL_CONVERSION = YES;
				CLANG_WARN_OBJC_IMPLICIT_RETAIN_SELF = YES;
				CLANG_WARN_OBJC_LITERAL_CONVERSION = YES;
				CLANG_WARN_OBJC_ROOT_CLASS = YES_ERROR;
				CLANG_WARN_QUOTED_INCLUDE_IN_FRAMEWORK_HEADER = YES;
				CLANG_WARN_RANGE_LOOP_ANALYSIS = YES;
				CLANG_WARN_STRICT_PROTOTYPES = YES;
				CLANG_WARN_SUSPICIOUS_MOVE = YES;
				CLANG_WARN_UNGUARDED_AVAILABILITY = YES_AGGRESSIVE;
				CLANG_WARN_UNREACHABLE_CODE = YES;
				CLANG_WARN__DUPLICATE_METHOD_MATCH = YES;
				COPY_PHASE_STRIP = NO;
				DEBUG_INFORMATION_FORMAT = "dwarf-with-dsym";
				ENABLE_NS_ASSERTIONS = NO;
				ENABLE_STRICT_OBJC_MSGSEND = YES;
				ENABLE_USER_SCRIPT_SANDBOXING = YES;
				GCC_C_LANGUAGE_STANDARD = gnu17;
				GCC_NO_COMMON_BLOCKS = YES;
				GCC_WARN_64_TO_32_BIT_CONVERSION = YES;
				GCC_WARN_ABOUT_RETURN_TYPE = YES_ERROR;
				GCC_WARN_UNDECLARED_SELECTOR = YES;
				GCC_WARN_UNINITIALIZED_AUTOS = YES_AGGRESSIVE;
				GCC_WARN_UNUSED_FUNCTION = YES;
				GCC_WARN_UNUSED_VARIABLE = YES;
				IPHONEOS_DEPLOYMENT_TARGET = 17.4;
				LOCALIZATION_PREFERS_STRING_CATALOGS = YES;
				MTL_ENABLE_DEBUG_INFO = NO;
				MTL_FAST_MATH = YES;
				SDKROOT = iphoneos;
				SWIFT_COMPILATION_MODE = wholemodule;
				VALIDATE_PRODUCT = YES;
			};
			name = Release;
		};
		885F42E62BA490E90062E12F /* Debug */ = {
			isa = XCBuildConfiguration;
			buildSettings = {
				ASSETCATALOG_COMPILER_APPICON_NAME = AppIcon;
				ASSETCATALOG_COMPILER_GLOBAL_ACCENT_COLOR_NAME = AccentColor;
				CODE_SIGN_STYLE = Automatic;
				CURRENT_PROJECT_VERSION = 1;
				DEVELOPMENT_ASSET_PATHS = "\"Firebase_Authentication/Preview Content\"";
				DEVELOPMENT_TEAM = DMGRYYH4JQ;
				ENABLE_PREVIEWS = YES;
				GENERATE_INFOPLIST_FILE = YES;
				INFOPLIST_KEY_UIApplicationSceneManifest_Generation = YES;
				INFOPLIST_KEY_UIApplicationSupportsIndirectInputEvents = YES;
				INFOPLIST_KEY_UILaunchScreen_Generation = YES;
				INFOPLIST_KEY_UISupportedInterfaceOrientations_iPad = "UIInterfaceOrientationPortrait UIInterfaceOrientationPortraitUpsideDown UIInterfaceOrientationLandscapeLeft UIInterfaceOrientationLandscapeRight";
				INFOPLIST_KEY_UISupportedInterfaceOrientations_iPhone = "UIInterfaceOrientationPortrait UIInterfaceOrientationLandscapeLeft UIInterfaceOrientationLandscapeRight";
				IPHONEOS_DEPLOYMENT_TARGET = 16.4;
				LD_RUNPATH_SEARCH_PATHS = (
					"$(inherited)",
					"@executable_path/Frameworks",
				);
				MARKETING_VERSION = 1.0;
				PRODUCT_BUNDLE_IDENTIFIER = "swift.Firebase-Authentication";
				PRODUCT_NAME = "$(TARGET_NAME)";
				SUPPORTED_PLATFORMS = "iphoneos iphonesimulator";
				SUPPORTS_MACCATALYST = NO;
				SUPPORTS_MAC_DESIGNED_FOR_IPHONE_IPAD = NO;
				SUPPORTS_XR_DESIGNED_FOR_IPHONE_IPAD = NO;
				SWIFT_EMIT_LOC_STRINGS = YES;
				SWIFT_VERSION = 5.0;
				TARGETED_DEVICE_FAMILY = "1,2";
			};
			name = Debug;
		};
		885F42E72BA490E90062E12F /* Release */ = {
			isa = XCBuildConfiguration;
			buildSettings = {
				ASSETCATALOG_COMPILER_APPICON_NAME = AppIcon;
				ASSETCATALOG_COMPILER_GLOBAL_ACCENT_COLOR_NAME = AccentColor;
				CODE_SIGN_STYLE = Automatic;
				CURRENT_PROJECT_VERSION = 1;
				DEVELOPMENT_ASSET_PATHS = "\"Firebase_Authentication/Preview Content\"";
				DEVELOPMENT_TEAM = DMGRYYH4JQ;
				ENABLE_PREVIEWS = YES;
				GENERATE_INFOPLIST_FILE = YES;
				INFOPLIST_KEY_UIApplicationSceneManifest_Generation = YES;
				INFOPLIST_KEY_UIApplicationSupportsIndirectInputEvents = YES;
				INFOPLIST_KEY_UILaunchScreen_Generation = YES;
				INFOPLIST_KEY_UISupportedInterfaceOrientations_iPad = "UIInterfaceOrientationPortrait UIInterfaceOrientationPortraitUpsideDown UIInterfaceOrientationLandscapeLeft UIInterfaceOrientationLandscapeRight";
				INFOPLIST_KEY_UISupportedInterfaceOrientations_iPhone = "UIInterfaceOrientationPortrait UIInterfaceOrientationLandscapeLeft UIInterfaceOrientationLandscapeRight";
				IPHONEOS_DEPLOYMENT_TARGET = 16.4;
				LD_RUNPATH_SEARCH_PATHS = (
					"$(inherited)",
					"@executable_path/Frameworks",
				);
				MARKETING_VERSION = 1.0;
				PRODUCT_BUNDLE_IDENTIFIER = "swift.Firebase-Authentication";
				PRODUCT_NAME = "$(TARGET_NAME)";
				SUPPORTED_PLATFORMS = "iphoneos iphonesimulator";
				SUPPORTS_MACCATALYST = NO;
				SUPPORTS_MAC_DESIGNED_FOR_IPHONE_IPAD = NO;
				SUPPORTS_XR_DESIGNED_FOR_IPHONE_IPAD = NO;
				SWIFT_EMIT_LOC_STRINGS = YES;
				SWIFT_VERSION = 5.0;
				TARGETED_DEVICE_FAMILY = "1,2";
			};
			name = Release;
		};
/* End XCBuildConfiguration section */

/* Begin XCConfigurationList section */
		885F42D22BA490E70062E12F /* Build configuration list for PBXProject "Firebase_Authentication" */ = {
			isa = XCConfigurationList;
			buildConfigurations = (
				885F42E32BA490E90062E12F /* Debug */,
				885F42E42BA490E90062E12F /* Release */,
			);
			defaultConfigurationIsVisible = 0;
			defaultConfigurationName = Release;
		};
		885F42E52BA490E90062E12F /* Build configuration list for PBXNativeTarget "Firebase_Authentication" */ = {
			isa = XCConfigurationList;
			buildConfigurations = (
				885F42E62BA490E90062E12F /* Debug */,
				885F42E72BA490E90062E12F /* Release */,
			);
			defaultConfigurationIsVisible = 0;
			defaultConfigurationName = Release;
		};
/* End XCConfigurationList section */

/* Begin XCRemoteSwiftPackageReference section */
		885F430C2BA4925E0062E12F /* XCRemoteSwiftPackageReference "firebase-ios-sdk" */ = {
			isa = XCRemoteSwiftPackageReference;
			repositoryURL = "https://github.com/firebase/firebase-ios-sdk";
			requirement = {
				kind = upToNextMajorVersion;
				minimumVersion = 10.22.1;
			};
		};
/* End XCRemoteSwiftPackageReference section */

/* Begin XCSwiftPackageProductDependency section */
		885F430E2BA492890062E12F /* FirebaseAuth */ = {
			isa = XCSwiftPackageProductDependency;
			package = 885F430C2BA4925E0062E12F /* XCRemoteSwiftPackageReference "firebase-ios-sdk" */;
			productName = FirebaseAuth;
		};
		885F43102BA492890062E12F /* FirebaseFirestore */ = {
			isa = XCSwiftPackageProductDependency;
			package = 885F430C2BA4925E0062E12F /* XCRemoteSwiftPackageReference "firebase-ios-sdk" */;
			productName = FirebaseFirestore;
		};
		885F43122BA492890062E12F /* FirebaseFirestoreSwift */ = {
			isa = XCSwiftPackageProductDependency;
			package = 885F430C2BA4925E0062E12F /* XCRemoteSwiftPackageReference "firebase-ios-sdk" */;
			productName = FirebaseFirestoreSwift;
		};
/* End XCSwiftPackageProductDependency section */
	};
	rootObject = 885F42CF2BA490E70062E12F /* Project object */;
}
